// !$*UTF8*$!
{
	archiveVersion = 1;
	classes = {
	};
	objectVersion = 50;
	objects = {

/* Begin PBXBuildFile section */
		1E00BE9E261804FF00FBA6AE /* day16.swift in Sources */ = {isa = PBXBuildFile; fileRef = 1E00BE9D261804FF00FBA6AE /* day16.swift */; };
		1E10D86C25FC73A6009B2EEC /* day07.swift in Sources */ = {isa = PBXBuildFile; fileRef = 1E10D86B25FC73A6009B2EEC /* day07.swift */; };
		1E1C539B26155910009EB370 /* day15.swift in Sources */ = {isa = PBXBuildFile; fileRef = 1E1C539A26155910009EB370 /* day15.swift */; };
		1E22E0F8260C403E007F627A /* day12.swift in Sources */ = {isa = PBXBuildFile; fileRef = 1E22E0F7260C403E007F627A /* day12.swift */; };
		1E294BEA25F9C64E009897E4 /* day05.swift in Sources */ = {isa = PBXBuildFile; fileRef = 1E294BE925F9C64E009897E4 /* day05.swift */; };
		1E294BED25F9EACF009897E4 /* day06.swift in Sources */ = {isa = PBXBuildFile; fileRef = 1E294BEC25F9EACF009897E4 /* day06.swift */; };
		1E4E49A225EDD90B0015C034 /* day02.swift in Sources */ = {isa = PBXBuildFile; fileRef = 1E4E49A125EDD90B0015C034 /* day02.swift */; };
		1E55FF29261BF3A700213FAD /* day17.swift in Sources */ = {isa = PBXBuildFile; fileRef = 1E55FF28261BF3A700213FAD /* day17.swift */; };
		1E58D28026290AFF00C338DD /* day20.swift in Sources */ = {isa = PBXBuildFile; fileRef = 1E58D27F26290AFF00C338DD /* day20.swift */; };
		1E58D28426291EAA00C338DD /* day21.swift in Sources */ = {isa = PBXBuildFile; fileRef = 1E58D28326291EAA00C338DD /* day21.swift */; };
		1E78E455260991CB00A36564 /* day11.swift in Sources */ = {isa = PBXBuildFile; fileRef = 1E78E454260991CB00A36564 /* day11.swift */; };
		1E8CD6F72602F227004FF01D /* day08.swift in Sources */ = {isa = PBXBuildFile; fileRef = 1E8CD6F62602F227004FF01D /* day08.swift */; };
		1E8CD6FA260300AE004FF01D /* day09.swift in Sources */ = {isa = PBXBuildFile; fileRef = 1E8CD6F9260300AE004FF01D /* day09.swift */; };
		1E9DD88225ED7CFB0089ABB5 /* main.swift in Sources */ = {isa = PBXBuildFile; fileRef = 1E9DD88125ED7CFB0089ABB5 /* main.swift */; };
		1E9DD88A25ED7D3D0089ABB5 /* helpers.swift in Sources */ = {isa = PBXBuildFile; fileRef = 1E9DD88925ED7D3D0089ABB5 /* helpers.swift */; };
		1E9DD88E25ED7D4A0089ABB5 /* day01.swift in Sources */ = {isa = PBXBuildFile; fileRef = 1E9DD88D25ED7D4A0089ABB5 /* day01.swift */; };
		1EB1CB55260EDA6000A2DCDC /* day13.swift in Sources */ = {isa = PBXBuildFile; fileRef = 1EB1CB54260EDA6000A2DCDC /* day13.swift */; };
		1EB840AE26212FB400276E66 /* day18.swift in Sources */ = {isa = PBXBuildFile; fileRef = 1EB840AD26212FB400276E66 /* day18.swift */; };
		1EB840B226213EAF00276E66 /* day19.swift in Sources */ = {isa = PBXBuildFile; fileRef = 1EB840B126213EAF00276E66 /* day19.swift */; };
		1EDB852B2612B9780084FC4E /* day14.swift in Sources */ = {isa = PBXBuildFile; fileRef = 1EDB852A2612B9780084FC4E /* day14.swift */; };
		1EDD9F5E2607FAAC0065BEC8 /* day10.swift in Sources */ = {isa = PBXBuildFile; fileRef = 1EDD9F5D2607FAAC0065BEC8 /* day10.swift */; };
		1EE7AE0625F3066B0045E8B9 /* day03.swift in Sources */ = {isa = PBXBuildFile; fileRef = 1EE7AE0525F3066B0045E8B9 /* day03.swift */; };
		1EF43F8125F32F6700D3A992 /* day04.swift in Sources */ = {isa = PBXBuildFile; fileRef = 1EF43F8025F32F6700D3A992 /* day04.swift */; };
/* End PBXBuildFile section */

/* Begin PBXCopyFilesBuildPhase section */
		1E9DD87C25ED7CFB0089ABB5 /* CopyFiles */ = {
			isa = PBXCopyFilesBuildPhase;
			buildActionMask = 2147483647;
			dstPath = /usr/share/man/man1/;
			dstSubfolderSpec = 0;
			files = (
			);
			runOnlyForDeploymentPostprocessing = 1;
		};
/* End PBXCopyFilesBuildPhase section */

/* Begin PBXFileReference section */
		1E00BE9D261804FF00FBA6AE /* day16.swift */ = {isa = PBXFileReference; lastKnownFileType = sourcecode.swift; path = day16.swift; sourceTree = "<group>"; };
		1E10D86B25FC73A6009B2EEC /* day07.swift */ = {isa = PBXFileReference; lastKnownFileType = sourcecode.swift; path = day07.swift; sourceTree = "<group>"; };
		1E1C539A26155910009EB370 /* day15.swift */ = {isa = PBXFileReference; lastKnownFileType = sourcecode.swift; path = day15.swift; sourceTree = "<group>"; };
		1E22E0F7260C403E007F627A /* day12.swift */ = {isa = PBXFileReference; lastKnownFileType = sourcecode.swift; path = day12.swift; sourceTree = "<group>"; };
		1E294BE925F9C64E009897E4 /* day05.swift */ = {isa = PBXFileReference; lastKnownFileType = sourcecode.swift; path = day05.swift; sourceTree = "<group>"; };
		1E294BEC25F9EACF009897E4 /* day06.swift */ = {isa = PBXFileReference; lastKnownFileType = sourcecode.swift; path = day06.swift; sourceTree = "<group>"; };
		1E4E49A125EDD90B0015C034 /* day02.swift */ = {isa = PBXFileReference; lastKnownFileType = sourcecode.swift; path = day02.swift; sourceTree = "<group>"; };
		1E55FF28261BF3A700213FAD /* day17.swift */ = {isa = PBXFileReference; lastKnownFileType = sourcecode.swift; path = day17.swift; sourceTree = "<group>"; };
		1E58D27F26290AFF00C338DD /* day20.swift */ = {isa = PBXFileReference; lastKnownFileType = sourcecode.swift; path = day20.swift; sourceTree = "<group>"; };
		1E58D28326291EAA00C338DD /* day21.swift */ = {isa = PBXFileReference; lastKnownFileType = sourcecode.swift; path = day21.swift; sourceTree = "<group>"; };
		1E78E454260991CB00A36564 /* day11.swift */ = {isa = PBXFileReference; lastKnownFileType = sourcecode.swift; path = day11.swift; sourceTree = "<group>"; };
		1E8CD6F62602F227004FF01D /* day08.swift */ = {isa = PBXFileReference; lastKnownFileType = sourcecode.swift; path = day08.swift; sourceTree = "<group>"; };
		1E8CD6F9260300AE004FF01D /* day09.swift */ = {isa = PBXFileReference; lastKnownFileType = sourcecode.swift; path = day09.swift; sourceTree = "<group>"; };
		1E9DD87E25ED7CFB0089ABB5 /* aoc2015 */ = {isa = PBXFileReference; explicitFileType = "compiled.mach-o.executable"; includeInIndex = 0; path = aoc2015; sourceTree = BUILT_PRODUCTS_DIR; };
		1E9DD88125ED7CFB0089ABB5 /* main.swift */ = {isa = PBXFileReference; lastKnownFileType = sourcecode.swift; path = main.swift; sourceTree = "<group>"; };
		1E9DD88925ED7D3D0089ABB5 /* helpers.swift */ = {isa = PBXFileReference; fileEncoding = 4; lastKnownFileType = sourcecode.swift; path = helpers.swift; sourceTree = "<group>"; };
		1E9DD88D25ED7D4A0089ABB5 /* day01.swift */ = {isa = PBXFileReference; fileEncoding = 4; lastKnownFileType = sourcecode.swift; path = day01.swift; sourceTree = "<group>"; };
		1E9DD89025ED7D4F0089ABB5 /* input */ = {isa = PBXFileReference; lastKnownFileType = folder; path = input; sourceTree = "<group>"; };
		1EB1CB54260EDA6000A2DCDC /* day13.swift */ = {isa = PBXFileReference; lastKnownFileType = sourcecode.swift; path = day13.swift; sourceTree = "<group>"; };
		1EB840AD26212FB400276E66 /* day18.swift */ = {isa = PBXFileReference; lastKnownFileType = sourcecode.swift; path = day18.swift; sourceTree = "<group>"; };
		1EB840B126213EAF00276E66 /* day19.swift */ = {isa = PBXFileReference; lastKnownFileType = sourcecode.swift; path = day19.swift; sourceTree = "<group>"; };
		1EDB852A2612B9780084FC4E /* day14.swift */ = {isa = PBXFileReference; lastKnownFileType = sourcecode.swift; path = day14.swift; sourceTree = "<group>"; };
		1EDD9F5D2607FAAC0065BEC8 /* day10.swift */ = {isa = PBXFileReference; lastKnownFileType = sourcecode.swift; path = day10.swift; sourceTree = "<group>"; };
		1EE7AE0525F3066B0045E8B9 /* day03.swift */ = {isa = PBXFileReference; lastKnownFileType = sourcecode.swift; path = day03.swift; sourceTree = "<group>"; };
		1EF43F8025F32F6700D3A992 /* day04.swift */ = {isa = PBXFileReference; lastKnownFileType = sourcecode.swift; path = day04.swift; sourceTree = "<group>"; };
/* End PBXFileReference section */

/* Begin PBXFrameworksBuildPhase section */
		1E9DD87B25ED7CFB0089ABB5 /* Frameworks */ = {
			isa = PBXFrameworksBuildPhase;
			buildActionMask = 2147483647;
			files = (
			);
			runOnlyForDeploymentPostprocessing = 0;
		};
/* End PBXFrameworksBuildPhase section */

/* Begin PBXGroup section */
		1E9DD87525ED7CFB0089ABB5 = {
			isa = PBXGroup;
			children = (
				1E9DD88025ED7CFB0089ABB5 /* aoc2015 */,
				1E9DD87F25ED7CFB0089ABB5 /* Products */,
			);
			sourceTree = "<group>";
		};
		1E9DD87F25ED7CFB0089ABB5 /* Products */ = {
			isa = PBXGroup;
			children = (
				1E9DD87E25ED7CFB0089ABB5 /* aoc2015 */,
			);
			name = Products;
			sourceTree = "<group>";
		};
		1E9DD88025ED7CFB0089ABB5 /* aoc2015 */ = {
			isa = PBXGroup;
			children = (
				1E9DD88125ED7CFB0089ABB5 /* main.swift */,
				1E9DD88925ED7D3D0089ABB5 /* helpers.swift */,
				1E9DD88D25ED7D4A0089ABB5 /* day01.swift */,
				1E4E49A125EDD90B0015C034 /* day02.swift */,
				1EE7AE0525F3066B0045E8B9 /* day03.swift */,
				1EF43F8025F32F6700D3A992 /* day04.swift */,
				1E294BE925F9C64E009897E4 /* day05.swift */,
				1E294BEC25F9EACF009897E4 /* day06.swift */,
				1E10D86B25FC73A6009B2EEC /* day07.swift */,
				1E8CD6F62602F227004FF01D /* day08.swift */,
				1E8CD6F9260300AE004FF01D /* day09.swift */,
				1EDD9F5D2607FAAC0065BEC8 /* day10.swift */,
				1E78E454260991CB00A36564 /* day11.swift */,
				1E22E0F7260C403E007F627A /* day12.swift */,
				1EB1CB54260EDA6000A2DCDC /* day13.swift */,
				1EDB852A2612B9780084FC4E /* day14.swift */,
				1E1C539A26155910009EB370 /* day15.swift */,
				1E00BE9D261804FF00FBA6AE /* day16.swift */,
				1E55FF28261BF3A700213FAD /* day17.swift */,
				1EB840AD26212FB400276E66 /* day18.swift */,
				1EB840B126213EAF00276E66 /* day19.swift */,
				1E58D27F26290AFF00C338DD /* day20.swift */,
				1E58D28326291EAA00C338DD /* day21.swift */,
				1E9DD89025ED7D4F0089ABB5 /* input */,
			);
			path = aoc2015;
			sourceTree = "<group>";
		};
/* End PBXGroup section */

/* Begin PBXNativeTarget section */
		1E9DD87D25ED7CFB0089ABB5 /* aoc2015 */ = {
			isa = PBXNativeTarget;
			buildConfigurationList = 1E9DD88525ED7CFB0089ABB5 /* Build configuration list for PBXNativeTarget "aoc2015" */;
			buildPhases = (
				1E9DD87A25ED7CFB0089ABB5 /* Sources */,
				1E9DD87B25ED7CFB0089ABB5 /* Frameworks */,
				1E9DD87C25ED7CFB0089ABB5 /* CopyFiles */,
			);
			buildRules = (
			);
			dependencies = (
			);
			name = aoc2015;
			productName = aoc2015;
			productReference = 1E9DD87E25ED7CFB0089ABB5 /* aoc2015 */;
			productType = "com.apple.product-type.tool";
		};
/* End PBXNativeTarget section */

/* Begin PBXProject section */
		1E9DD87625ED7CFB0089ABB5 /* Project object */ = {
			isa = PBXProject;
			attributes = {
				LastSwiftUpdateCheck = 1240;
				LastUpgradeCheck = 1240;
				TargetAttributes = {
					1E9DD87D25ED7CFB0089ABB5 = {
						CreatedOnToolsVersion = 12.4;
					};
				};
			};
			buildConfigurationList = 1E9DD87925ED7CFB0089ABB5 /* Build configuration list for PBXProject "aoc2015" */;
			compatibilityVersion = "Xcode 9.3";
			developmentRegion = en;
			hasScannedForEncodings = 0;
			knownRegions = (
				en,
				Base,
			);
			mainGroup = 1E9DD87525ED7CFB0089ABB5;
			productRefGroup = 1E9DD87F25ED7CFB0089ABB5 /* Products */;
			projectDirPath = "";
			projectRoot = "";
			targets = (
				1E9DD87D25ED7CFB0089ABB5 /* aoc2015 */,
			);
		};
/* End PBXProject section */

/* Begin PBXSourcesBuildPhase section */
		1E9DD87A25ED7CFB0089ABB5 /* Sources */ = {
			isa = PBXSourcesBuildPhase;
			buildActionMask = 2147483647;
			files = (
				1E9DD88225ED7CFB0089ABB5 /* main.swift in Sources */,
				1E9DD88A25ED7D3D0089ABB5 /* helpers.swift in Sources */,
				1E58D28026290AFF00C338DD /* day20.swift in Sources */,
				1E55FF29261BF3A700213FAD /* day17.swift in Sources */,
				1EB1CB55260EDA6000A2DCDC /* day13.swift in Sources */,
				1E8CD6F72602F227004FF01D /* day08.swift in Sources */,
				1E294BED25F9EACF009897E4 /* day06.swift in Sources */,
				1EF43F8125F32F6700D3A992 /* day04.swift in Sources */,
				1EDD9F5E2607FAAC0065BEC8 /* day10.swift in Sources */,
				1E1C539B26155910009EB370 /* day15.swift in Sources */,
				1EE7AE0625F3066B0045E8B9 /* day03.swift in Sources */,
				1E22E0F8260C403E007F627A /* day12.swift in Sources */,
				1EDB852B2612B9780084FC4E /* day14.swift in Sources */,
				1E00BE9E261804FF00FBA6AE /* day16.swift in Sources */,
				1E4E49A225EDD90B0015C034 /* day02.swift in Sources */,
				1EB840B226213EAF00276E66 /* day19.swift in Sources */,
				1E58D28426291EAA00C338DD /* day21.swift in Sources */,
				1E294BEA25F9C64E009897E4 /* day05.swift in Sources */,
				1E9DD88E25ED7D4A0089ABB5 /* day01.swift in Sources */,
				1E10D86C25FC73A6009B2EEC /* day07.swift in Sources */,
				1EB840AE26212FB400276E66 /* day18.swift in Sources */,
				1E8CD6FA260300AE004FF01D /* day09.swift in Sources */,
				1E78E455260991CB00A36564 /* day11.swift in Sources */,
			);
			runOnlyForDeploymentPostprocessing = 0;
		};
/* End PBXSourcesBuildPhase section */

/* Begin XCBuildConfiguration section */
		1E9DD88325ED7CFB0089ABB5 /* Debug */ = {
			isa = XCBuildConfiguration;
			buildSettings = {
				ALWAYS_SEARCH_USER_PATHS = NO;
				CLANG_ANALYZER_NONNULL = YES;
				CLANG_ANALYZER_NUMBER_OBJECT_CONVERSION = YES_AGGRESSIVE;
				CLANG_CXX_LANGUAGE_STANDARD = "gnu++14";
				CLANG_CXX_LIBRARY = "libc++";
				CLANG_ENABLE_MODULES = YES;
				CLANG_ENABLE_OBJC_ARC = YES;
				CLANG_ENABLE_OBJC_WEAK = YES;
				CLANG_WARN_BLOCK_CAPTURE_AUTORELEASING = YES;
				CLANG_WARN_BOOL_CONVERSION = YES;
				CLANG_WARN_COMMA = YES;
				CLANG_WARN_CONSTANT_CONVERSION = YES;
				CLANG_WARN_DEPRECATED_OBJC_IMPLEMENTATIONS = YES;
				CLANG_WARN_DIRECT_OBJC_ISA_USAGE = YES_ERROR;
				CLANG_WARN_DOCUMENTATION_COMMENTS = YES;
				CLANG_WARN_EMPTY_BODY = YES;
				CLANG_WARN_ENUM_CONVERSION = YES;
				CLANG_WARN_INFINITE_RECURSION = YES;
				CLANG_WARN_INT_CONVERSION = YES;
				CLANG_WARN_NON_LITERAL_NULL_CONVERSION = YES;
				CLANG_WARN_OBJC_IMPLICIT_RETAIN_SELF = YES;
				CLANG_WARN_OBJC_LITERAL_CONVERSION = YES;
				CLANG_WARN_OBJC_ROOT_CLASS = YES_ERROR;
				CLANG_WARN_QUOTED_INCLUDE_IN_FRAMEWORK_HEADER = YES;
				CLANG_WARN_RANGE_LOOP_ANALYSIS = YES;
				CLANG_WARN_STRICT_PROTOTYPES = YES;
				CLANG_WARN_SUSPICIOUS_MOVE = YES;
				CLANG_WARN_UNGUARDED_AVAILABILITY = YES_AGGRESSIVE;
				CLANG_WARN_UNREACHABLE_CODE = YES;
				CLANG_WARN__DUPLICATE_METHOD_MATCH = YES;
				COPY_PHASE_STRIP = NO;
				DEBUG_INFORMATION_FORMAT = dwarf;
				ENABLE_STRICT_OBJC_MSGSEND = YES;
				ENABLE_TESTABILITY = YES;
				GCC_C_LANGUAGE_STANDARD = gnu11;
				GCC_DYNAMIC_NO_PIC = NO;
				GCC_NO_COMMON_BLOCKS = YES;
				GCC_OPTIMIZATION_LEVEL = 0;
				GCC_PREPROCESSOR_DEFINITIONS = (
					"DEBUG=1",
					"$(inherited)",
				);
				GCC_WARN_64_TO_32_BIT_CONVERSION = YES;
				GCC_WARN_ABOUT_RETURN_TYPE = YES_ERROR;
				GCC_WARN_UNDECLARED_SELECTOR = YES;
				GCC_WARN_UNINITIALIZED_AUTOS = YES_AGGRESSIVE;
				GCC_WARN_UNUSED_FUNCTION = YES;
				GCC_WARN_UNUSED_VARIABLE = YES;
				MACOSX_DEPLOYMENT_TARGET = 11.1;
				MTL_ENABLE_DEBUG_INFO = INCLUDE_SOURCE;
				MTL_FAST_MATH = YES;
				ONLY_ACTIVE_ARCH = YES;
				SDKROOT = macosx;
				SWIFT_ACTIVE_COMPILATION_CONDITIONS = DEBUG;
				SWIFT_OPTIMIZATION_LEVEL = "-Onone";
			};
			name = Debug;
		};
		1E9DD88425ED7CFB0089ABB5 /* Release */ = {
			isa = XCBuildConfiguration;
			buildSettings = {
				ALWAYS_SEARCH_USER_PATHS = NO;
				CLANG_ANALYZER_NONNULL = YES;
				CLANG_ANALYZER_NUMBER_OBJECT_CONVERSION = YES_AGGRESSIVE;
				CLANG_CXX_LANGUAGE_STANDARD = "gnu++14";
				CLANG_CXX_LIBRARY = "libc++";
				CLANG_ENABLE_MODULES = YES;
				CLANG_ENABLE_OBJC_ARC = YES;
				CLANG_ENABLE_OBJC_WEAK = YES;
				CLANG_WARN_BLOCK_CAPTURE_AUTORELEASING = YES;
				CLANG_WARN_BOOL_CONVERSION = YES;
				CLANG_WARN_COMMA = YES;
				CLANG_WARN_CONSTANT_CONVERSION = YES;
				CLANG_WARN_DEPRECATED_OBJC_IMPLEMENTATIONS = YES;
				CLANG_WARN_DIRECT_OBJC_ISA_USAGE = YES_ERROR;
				CLANG_WARN_DOCUMENTATION_COMMENTS = YES;
				CLANG_WARN_EMPTY_BODY = YES;
				CLANG_WARN_ENUM_CONVERSION = YES;
				CLANG_WARN_INFINITE_RECURSION = YES;
				CLANG_WARN_INT_CONVERSION = YES;
				CLANG_WARN_NON_LITERAL_NULL_CONVERSION = YES;
				CLANG_WARN_OBJC_IMPLICIT_RETAIN_SELF = YES;
				CLANG_WARN_OBJC_LITERAL_CONVERSION = YES;
				CLANG_WARN_OBJC_ROOT_CLASS = YES_ERROR;
				CLANG_WARN_QUOTED_INCLUDE_IN_FRAMEWORK_HEADER = YES;
				CLANG_WARN_RANGE_LOOP_ANALYSIS = YES;
				CLANG_WARN_STRICT_PROTOTYPES = YES;
				CLANG_WARN_SUSPICIOUS_MOVE = YES;
				CLANG_WARN_UNGUARDED_AVAILABILITY = YES_AGGRESSIVE;
				CLANG_WARN_UNREACHABLE_CODE = YES;
				CLANG_WARN__DUPLICATE_METHOD_MATCH = YES;
				COPY_PHASE_STRIP = NO;
				DEBUG_INFORMATION_FORMAT = "dwarf-with-dsym";
				ENABLE_NS_ASSERTIONS = NO;
				ENABLE_STRICT_OBJC_MSGSEND = YES;
				GCC_C_LANGUAGE_STANDARD = gnu11;
				GCC_NO_COMMON_BLOCKS = YES;
				GCC_WARN_64_TO_32_BIT_CONVERSION = YES;
				GCC_WARN_ABOUT_RETURN_TYPE = YES_ERROR;
				GCC_WARN_UNDECLARED_SELECTOR = YES;
				GCC_WARN_UNINITIALIZED_AUTOS = YES_AGGRESSIVE;
				GCC_WARN_UNUSED_FUNCTION = YES;
				GCC_WARN_UNUSED_VARIABLE = YES;
				MACOSX_DEPLOYMENT_TARGET = 11.1;
				MTL_ENABLE_DEBUG_INFO = NO;
				MTL_FAST_MATH = YES;
				SDKROOT = macosx;
				SWIFT_COMPILATION_MODE = wholemodule;
				SWIFT_OPTIMIZATION_LEVEL = "-O";
			};
			name = Release;
		};
		1E9DD88625ED7CFB0089ABB5 /* Debug */ = {
			isa = XCBuildConfiguration;
			buildSettings = {
				CODE_SIGN_STYLE = Automatic;
				DEVELOPMENT_TEAM = UA923ZLYMM;
				ENABLE_HARDENED_RUNTIME = YES;
				PRODUCT_NAME = "$(TARGET_NAME)";
				SWIFT_VERSION = 5.0;
			};
			name = Debug;
		};
		1E9DD88725ED7CFB0089ABB5 /* Release */ = {
			isa = XCBuildConfiguration;
			buildSettings = {
				CODE_SIGN_STYLE = Automatic;
				DEVELOPMENT_TEAM = UA923ZLYMM;
				ENABLE_HARDENED_RUNTIME = YES;
				PRODUCT_NAME = "$(TARGET_NAME)";
				SWIFT_VERSION = 5.0;
			};
			name = Release;
		};
/* End XCBuildConfiguration section */

/* Begin XCConfigurationList section */
		1E9DD87925ED7CFB0089ABB5 /* Build configuration list for PBXProject "aoc2015" */ = {
			isa = XCConfigurationList;
			buildConfigurations = (
				1E9DD88325ED7CFB0089ABB5 /* Debug */,
				1E9DD88425ED7CFB0089ABB5 /* Release */,
			);
			defaultConfigurationIsVisible = 0;
			defaultConfigurationName = Release;
		};
		1E9DD88525ED7CFB0089ABB5 /* Build configuration list for PBXNativeTarget "aoc2015" */ = {
			isa = XCConfigurationList;
			buildConfigurations = (
				1E9DD88625ED7CFB0089ABB5 /* Debug */,
				1E9DD88725ED7CFB0089ABB5 /* Release */,
			);
			defaultConfigurationIsVisible = 0;
			defaultConfigurationName = Release;
		};
/* End XCConfigurationList section */
	};
	rootObject = 1E9DD87625ED7CFB0089ABB5 /* Project object */;
}
